
Microsoft Visual Studio Solution File, Format Version 12.00
# Visual Studio Version 17
VisualStudioVersion = 17.11.35312.102
MinimumVisualStudioVersion = 10.0.40219.1
Project("{FAE04EC0-301F-11D3-BF4B-00C04F79EFBC}") = "Pasantias", "Pasantias\Pasantias.csproj", "{B7061113-093E-4136-82A6-338C69DEABB4}"
EndProject
Project("{FAE04EC0-301F-11D3-BF4B-00C04F79EFBC}") = "Modelo", "Modelo\Modelo.csproj", "{A1741BAA-8E2F-4D7A-816C-D48666BD841B}"
EndProject
Global
	GlobalSection(SolutionConfigurationPlatforms) = preSolution
		Debug|Any CPU = Debug|Any CPU
		Release|Any CPU = Release|Any CPU
	EndGlobalSection
	GlobalSection(ProjectConfigurationPlatforms) = postSolution
		{B7061113-093E-4136-82A6-338C69DEABB4}.Debug|Any CPU.ActiveCfg = Debug|Any CPU
		{B7061113-093E-4136-82A6-338C69DEABB4}.Debug|Any CPU.Build.0 = Debug|Any CPU
		{B7061113-093E-4136-82A6-338C69DEABB4}.Release|Any CPU.ActiveCfg = Release|Any CPU
		{B7061113-093E-4136-82A6-338C69DEABB4}.Release|Any CPU.Build.0 = Release|Any CPU
		{A1741BAA-8E2F-4D7A-816C-D48666BD841B}.Debug|Any CPU.ActiveCfg = Debug|Any CPU
		{A1741BAA-8E2F-4D7A-816C-D48666BD841B}.Debug|Any CPU.Build.0 = Debug|Any CPU
		{A1741BAA-8E2F-4D7A-816C-D48666BD841B}.Release|Any CPU.ActiveCfg = Release|Any CPU
		{A1741BAA-8E2F-4D7A-816C-D48666BD841B}.Release|Any CPU.Build.0 = Release|Any CPU
	EndGlobalSection
	GlobalSection(SolutionProperties) = preSolution
		HideSolutionNode = FALSE
	EndGlobalSection
	GlobalSection(ExtensibilityGlobals) = postSolution
		SolutionGuid = {A4121338-89AC-4748-ADF2-61242ABBEA36}
	EndGlobalSection
EndGlobal
